PODS:
  - GoogleMaps (3.0.3):
    - GoogleMaps/Maps (= 3.0.3)
  - GoogleMaps/Base (3.0.3)
  - GoogleMaps/Maps (3.0.3):
    - GoogleMaps/Base

DEPENDENCIES:
  - GoogleMaps

SPEC REPOS:
  https://github.com/cocoapods/specs.git:
    - GoogleMaps

SPEC CHECKSUMS:
  GoogleMaps: fd5c9fa58871781b9fb94d4936f19c69fe60ce32

PODFILE CHECKSUM: d9f1b9e041104e09cec5f4b1fbeebd163235189e

COCOAPODS: 1.6.1
